
Microsoft Visual Studio Solution File, Format Version 12.00
Project("{FAE04EC0-301F-11D3-BF4B-00C04F79EFBC}") = "Api", "Api\Api.csproj", "{87D70430-A7D9-4B81-BA71-2FB1F46227C2}"
EndProject
Project("{2150E333-8FDC-42A3-9474-1A3956D46DE8}") = "SolutionFolder", "SolutionFolder", "{D9502D34-4121-4964-B121-D264736477FA}"
ProjectSection(SolutionItems) = preProject
	ApiResources.puml = ApiResources.puml
EndProjectSection
EndProject
Project("{FAE04EC0-301F-11D3-BF4B-00C04F79EFBC}") = "Domain", "Domain\Domain.csproj", "{EFA20D4D-36E7-4120-B8F7-FE5141348511}"
EndProject
Project("{FAE04EC0-301F-11D3-BF4B-00C04F79EFBC}") = "App", "App\App.csproj", "{64EEEAA8-2515-4082-A048-3A99A3E39558}"
EndProject
Project("{FAE04EC0-301F-11D3-BF4B-00C04F79EFBC}") = "Infrastructure", "Infrastructure\Infrastructure.csproj", "{D41ECF3A-49F5-4C7C-8CC9-435AF190EA82}"
EndProject
Project("{FAE04EC0-301F-11D3-BF4B-00C04F79EFBC}") = "Toolkit", "Toolkit\Toolkit.csproj", "{2DF1EAB4-3F06-4C85-8769-D61CE50296B9}"
EndProject
Project("{FAE04EC0-301F-11D3-BF4B-00C04F79EFBC}") = "IntegrationTests", "IntegrationTests\IntegrationTests.csproj", "{4388BA7E-73F2-4AFB-AF38-140D401B1DCF}"
EndProject
Project("{FAE04EC0-301F-11D3-BF4B-00C04F79EFBC}") = "MicroTests", "MicroTests\MicroTests.csproj", "{24C2A422-5D53-4305-9C3D-DDF9C7A3ACC4}"
EndProject
Project("{FAE04EC0-301F-11D3-BF4B-00C04F79EFBC}") = "AcceptanceTests", "AcceptanceTests\AcceptanceTests.csproj", "{D5F15C6B-AE49-4F0F-AAC2-841F59D77F26}"
EndProject
Project("{2150E333-8FDC-42A3-9474-1A3956D46DE8}") = "docs", "docs", "{A514F5F5-4008-4040-A523-2064AF5F1551}"
ProjectSection(SolutionItems) = preProject
	..\Readme.md = ..\Readme.md
EndProjectSection
EndProject
Project("{FAE04EC0-301F-11D3-BF4B-00C04F79EFBC}") = "SemanticLink", "SemanticLink\SemanticLink.csproj", "{62847B8E-1E13-4D0A-9F90-18054339E61B}"
EndProject
Project("{FAE04EC0-301F-11D3-BF4B-00C04F79EFBC}") = "SemanticLink-AspnetCore", "SemanticLink-AspnetCore\SemanticLink-AspnetCore.csproj", "{DA624246-2450-41FB-9C1C-DB649C3C638F}"
EndProject
Global
	GlobalSection(SolutionConfigurationPlatforms) = preSolution
		Debug|Any CPU = Debug|Any CPU
		Release|Any CPU = Release|Any CPU
	EndGlobalSection
	GlobalSection(ProjectConfigurationPlatforms) = postSolution
		{87D70430-A7D9-4B81-BA71-2FB1F46227C2}.Debug|Any CPU.ActiveCfg = Debug|Any CPU
		{87D70430-A7D9-4B81-BA71-2FB1F46227C2}.Debug|Any CPU.Build.0 = Debug|Any CPU
		{87D70430-A7D9-4B81-BA71-2FB1F46227C2}.Release|Any CPU.ActiveCfg = Release|Any CPU
		{87D70430-A7D9-4B81-BA71-2FB1F46227C2}.Release|Any CPU.Build.0 = Release|Any CPU
		{EFA20D4D-36E7-4120-B8F7-FE5141348511}.Debug|Any CPU.ActiveCfg = Debug|Any CPU
		{EFA20D4D-36E7-4120-B8F7-FE5141348511}.Debug|Any CPU.Build.0 = Debug|Any CPU
		{EFA20D4D-36E7-4120-B8F7-FE5141348511}.Release|Any CPU.ActiveCfg = Release|Any CPU
		{EFA20D4D-36E7-4120-B8F7-FE5141348511}.Release|Any CPU.Build.0 = Release|Any CPU
		{64EEEAA8-2515-4082-A048-3A99A3E39558}.Debug|Any CPU.ActiveCfg = Debug|Any CPU
		{64EEEAA8-2515-4082-A048-3A99A3E39558}.Debug|Any CPU.Build.0 = Debug|Any CPU
		{64EEEAA8-2515-4082-A048-3A99A3E39558}.Release|Any CPU.ActiveCfg = Release|Any CPU
		{64EEEAA8-2515-4082-A048-3A99A3E39558}.Release|Any CPU.Build.0 = Release|Any CPU
		{D41ECF3A-49F5-4C7C-8CC9-435AF190EA82}.Debug|Any CPU.ActiveCfg = Debug|Any CPU
		{D41ECF3A-49F5-4C7C-8CC9-435AF190EA82}.Debug|Any CPU.Build.0 = Debug|Any CPU
		{D41ECF3A-49F5-4C7C-8CC9-435AF190EA82}.Release|Any CPU.ActiveCfg = Release|Any CPU
		{D41ECF3A-49F5-4C7C-8CC9-435AF190EA82}.Release|Any CPU.Build.0 = Release|Any CPU
		{2DF1EAB4-3F06-4C85-8769-D61CE50296B9}.Debug|Any CPU.ActiveCfg = Debug|Any CPU
		{2DF1EAB4-3F06-4C85-8769-D61CE50296B9}.Debug|Any CPU.Build.0 = Debug|Any CPU
		{2DF1EAB4-3F06-4C85-8769-D61CE50296B9}.Release|Any CPU.ActiveCfg = Release|Any CPU
		{2DF1EAB4-3F06-4C85-8769-D61CE50296B9}.Release|Any CPU.Build.0 = Release|Any CPU
		{4388BA7E-73F2-4AFB-AF38-140D401B1DCF}.Debug|Any CPU.ActiveCfg = Debug|Any CPU
		{4388BA7E-73F2-4AFB-AF38-140D401B1DCF}.Debug|Any CPU.Build.0 = Debug|Any CPU
		{4388BA7E-73F2-4AFB-AF38-140D401B1DCF}.Release|Any CPU.ActiveCfg = Release|Any CPU
		{4388BA7E-73F2-4AFB-AF38-140D401B1DCF}.Release|Any CPU.Build.0 = Release|Any CPU
		{24C2A422-5D53-4305-9C3D-DDF9C7A3ACC4}.Debug|Any CPU.ActiveCfg = Debug|Any CPU
		{24C2A422-5D53-4305-9C3D-DDF9C7A3ACC4}.Debug|Any CPU.Build.0 = Debug|Any CPU
		{24C2A422-5D53-4305-9C3D-DDF9C7A3ACC4}.Release|Any CPU.ActiveCfg = Release|Any CPU
		{24C2A422-5D53-4305-9C3D-DDF9C7A3ACC4}.Release|Any CPU.Build.0 = Release|Any CPU
		{D5F15C6B-AE49-4F0F-AAC2-841F59D77F26}.Debug|Any CPU.ActiveCfg = Debug|Any CPU
		{D5F15C6B-AE49-4F0F-AAC2-841F59D77F26}.Debug|Any CPU.Build.0 = Debug|Any CPU
		{D5F15C6B-AE49-4F0F-AAC2-841F59D77F26}.Release|Any CPU.ActiveCfg = Release|Any CPU
		{D5F15C6B-AE49-4F0F-AAC2-841F59D77F26}.Release|Any CPU.Build.0 = Release|Any CPU
		{62847B8E-1E13-4D0A-9F90-18054339E61B}.Debug|Any CPU.ActiveCfg = Debug|Any CPU
		{62847B8E-1E13-4D0A-9F90-18054339E61B}.Debug|Any CPU.Build.0 = Debug|Any CPU
		{62847B8E-1E13-4D0A-9F90-18054339E61B}.Release|Any CPU.ActiveCfg = Release|Any CPU
		{62847B8E-1E13-4D0A-9F90-18054339E61B}.Release|Any CPU.Build.0 = Release|Any CPU
		{DA624246-2450-41FB-9C1C-DB649C3C638F}.Debug|Any CPU.ActiveCfg = Debug|Any CPU
		{DA624246-2450-41FB-9C1C-DB649C3C638F}.Debug|Any CPU.Build.0 = Debug|Any CPU
		{DA624246-2450-41FB-9C1C-DB649C3C638F}.Release|Any CPU.ActiveCfg = Release|Any CPU
		{DA624246-2450-41FB-9C1C-DB649C3C638F}.Release|Any CPU.Build.0 = Release|Any CPU
	EndGlobalSection
	GlobalSection(NestedProjects) = preSolution
		{A514F5F5-4008-4040-A523-2064AF5F1551} = {D9502D34-4121-4964-B121-D264736477FA}
	EndGlobalSection
EndGlobal
